
Microsoft Visual Studio Solution File, Format Version 12.00
# Visual Studio Version 17
VisualStudioVersion = 17.9.34723.18
MinimumVisualStudioVersion = 10.0.40219.1
Project("{9A19103F-16F7-4668-BE54-9A1E7A4F7556}") = "PSB", "PSB\PSB.csproj", "{B3B3840F-1DAD-45E2-84B1-01EF00BCD9B5}"
EndProject
Project("{FAE04EC0-301F-11D3-BF4B-00C04F79EFBC}") = "CalculatorControllerTests", "CalculatorControllerTests\CalculatorControllerTests.csproj", "{75CE65D6-181F-4FCF-8DA6-19C96EEB5261}"
EndProject
Global
	GlobalSection(SolutionConfigurationPlatforms) = preSolution
		Debug|Any CPU = Debug|Any CPU
		Release|Any CPU = Release|Any CPU
	EndGlobalSection
	GlobalSection(ProjectConfigurationPlatforms) = postSolution
		{B3B3840F-1DAD-45E2-84B1-01EF00BCD9B5}.Debug|Any CPU.ActiveCfg = Debug|Any CPU
		{B3B3840F-1DAD-45E2-84B1-01EF00BCD9B5}.Debug|Any CPU.Build.0 = Debug|Any CPU
		{B3B3840F-1DAD-45E2-84B1-01EF00BCD9B5}.Release|Any CPU.ActiveCfg = Release|Any CPU
		{B3B3840F-1DAD-45E2-84B1-01EF00BCD9B5}.Release|Any CPU.Build.0 = Release|Any CPU
		{75CE65D6-181F-4FCF-8DA6-19C96EEB5261}.Debug|Any CPU.ActiveCfg = Debug|Any CPU
		{75CE65D6-181F-4FCF-8DA6-19C96EEB5261}.Debug|Any CPU.Build.0 = Debug|Any CPU
		{75CE65D6-181F-4FCF-8DA6-19C96EEB5261}.Release|Any CPU.ActiveCfg = Release|Any CPU
		{75CE65D6-181F-4FCF-8DA6-19C96EEB5261}.Release|Any CPU.Build.0 = Release|Any CPU
	EndGlobalSection
	GlobalSection(SolutionProperties) = preSolution
		HideSolutionNode = FALSE
	EndGlobalSection
	GlobalSection(ExtensibilityGlobals) = postSolution
		SolutionGuid = {75E5D203-9871-4CB9-9C09-6FA0A67D92AF}
	EndGlobalSection
EndGlobal
